<Solution>
  <Folder Name="/feature/">
    <Project Path="feature/AspireForge.Analyzers/AspireForge.Analyzers.csproj" />
    <Project Path="feature/AspireForge.Cli/AspireForge.Cli.csproj" />
    <Project Path="feature/AspireForge.Core/AspireForge.Core.csproj" />
    <Project Path="feature/AspireForge.Generators/AspireForge.Generators.csproj" />
  </Folder>
  <Folder Name="/tests/">
    <Project Path="tests/AspireForge.Analyzers.Tests/AspireForge.Analyzers.Tests.csproj" />
    <Project Path="tests/AspireForge.Cli.Tests/AspireForge.Cli.Tests.csproj" />
    <Project Path="tests/AspireForge.Core.Tests/AspireForge.Core.Tests.csproj" />
    <Project Path="tests/AspireForge.IntegrationTests/AspireForge.IntegrationTests.csproj" />
  </Folder>
</Solution>
