<Solution>
  <Folder Name="/src/">
    <Project Path="src/BasicApi.Api/BasicApi.Api.csproj" />
    <Project Path="src/BasicApi.Application/BasicApi.Application.csproj" />
    <Project Path="src/BasicApi.Domain/BasicApi.Domain.csproj" />
    <Project Path="src/BasicApi.Infrastructure/BasicApi.Infrastructure.csproj" />
  </Folder>
  <Folder Name="/tests/">
    <Project Path="tests/BasicApi.IntegrationTests/BasicApi.IntegrationTests.csproj" />
  </Folder>
</Solution>
